
Microsoft Visual Studio Solution File, Format Version 12.00
# Visual Studio Version 17
VisualStudioVersion = 17.4.33213.308
MinimumVisualStudioVersion = 10.0.40219.1
Project("{FAE04EC0-301F-11D3-BF4B-00C04F79EFBC}") = "DanskeByer", "DanskeByer\DanskeByer.csproj", "{69D6F71D-F789-4F5F-8AEA-5FF0E88EF5F6}"
EndProject
Global
	GlobalSection(SolutionConfigurationPlatforms) = preSolution
		Debug|Any CPU = Debug|Any CPU
		Release|Any CPU = Release|Any CPU
	EndGlobalSection
	GlobalSection(ProjectConfigurationPlatforms) = postSolution
		{69D6F71D-F789-4F5F-8AEA-5FF0E88EF5F6}.Debug|Any CPU.ActiveCfg = Debug|Any CPU
		{69D6F71D-F789-4F5F-8AEA-5FF0E88EF5F6}.Debug|Any CPU.Build.0 = Debug|Any CPU
		{69D6F71D-F789-4F5F-8AEA-5FF0E88EF5F6}.Release|Any CPU.ActiveCfg = Release|Any CPU
		{69D6F71D-F789-4F5F-8AEA-5FF0E88EF5F6}.Release|Any CPU.Build.0 = Release|Any CPU
	EndGlobalSection
	GlobalSection(SolutionProperties) = preSolution
		HideSolutionNode = FALSE
	EndGlobalSection
	GlobalSection(ExtensibilityGlobals) = postSolution
		SolutionGuid = {6375A615-8B2C-4742-9AA4-05D52F723A4A}
	EndGlobalSection
EndGlobal
